
Microsoft Visual Studio Solution File, Format Version 12.00
# Visual Studio Version 16
VisualStudioVersion = 16.0.810.22
MinimumVisualStudioVersion = 10.0.40219.1
Project("{FAE04EC0-301F-11D3-BF4B-00C04F79EFBC}") = "HangmanGame", "HangmanGame\HangmanGame.csproj", "{4C00F645-AEE9-4443-8CCB-B733BDE891E5}"
EndProject
Global
	GlobalSection(SolutionConfigurationPlatforms) = preSolution
		Debug|Any CPU = Debug|Any CPU
		Release|Any CPU = Release|Any CPU
	EndGlobalSection
	GlobalSection(ProjectConfigurationPlatforms) = postSolution
		{4C00F645-AEE9-4443-8CCB-B733BDE891E5}.Debug|Any CPU.ActiveCfg = Debug|Any CPU
		{4C00F645-AEE9-4443-8CCB-B733BDE891E5}.Debug|Any CPU.Build.0 = Debug|Any CPU
		{4C00F645-AEE9-4443-8CCB-B733BDE891E5}.Release|Any CPU.ActiveCfg = Release|Any CPU
		{4C00F645-AEE9-4443-8CCB-B733BDE891E5}.Release|Any CPU.Build.0 = Release|Any CPU
	EndGlobalSection
	GlobalSection(SolutionProperties) = preSolution
		HideSolutionNode = FALSE
	EndGlobalSection
	GlobalSection(ExtensibilityGlobals) = postSolution
		SolutionGuid = {196A6149-C67E-42BA-ACC7-61F52CC7D207}
	EndGlobalSection
EndGlobal
